
Microsoft Visual Studio Solution File, Format Version 12.00
# Blend for Visual Studio Version 17
VisualStudioVersion = 17.6.33723.286
MinimumVisualStudioVersion = 10.0.40219.1
Project("{FAE04EC0-301F-11D3-BF4B-00C04F79EFBC}") = "Nearby", "Nearby.csproj", "{71E82339-E5AF-47F8-87DC-CEE381995D76}"
EndProject
Global
	GlobalSection(SolutionConfigurationPlatforms) = preSolution
		Debug|Any CPU = Debug|Any CPU
		Release|Any CPU = Release|Any CPU
	EndGlobalSection
	GlobalSection(ProjectConfigurationPlatforms) = postSolution
		{71E82339-E5AF-47F8-87DC-CEE381995D76}.Debug|Any CPU.ActiveCfg = Debug|Any CPU
		{71E82339-E5AF-47F8-87DC-CEE381995D76}.Debug|Any CPU.Build.0 = Debug|Any CPU
		{71E82339-E5AF-47F8-87DC-CEE381995D76}.Release|Any CPU.ActiveCfg = Release|Any CPU
		{71E82339-E5AF-47F8-87DC-CEE381995D76}.Release|Any CPU.Build.0 = Release|Any CPU
	EndGlobalSection
	GlobalSection(SolutionProperties) = preSolution
		HideSolutionNode = FALSE
	EndGlobalSection
	GlobalSection(ExtensibilityGlobals) = postSolution
		SolutionGuid = {3DBF8D4D-901E-495D-B541-56AE2F7998BA}
	EndGlobalSection
EndGlobal
